
Microsoft Visual Studio Solution File, Format Version 12.00
# Visual Studio 15
VisualStudioVersion = 15.0.28307.1062
MinimumVisualStudioVersion = 10.0.40219.1
Project("{FAE04EC0-301F-11D3-BF4B-00C04F79EFBC}") = "WebAPI", "WebAPI\WebAPI.csproj", "{B835C413-79CE-47FA-9C9D-A7CAE60994DF}"
EndProject
Global
	GlobalSection(SolutionConfigurationPlatforms) = preSolution
		Debug|Any CPU = Debug|Any CPU
		Release|Any CPU = Release|Any CPU
	EndGlobalSection
	GlobalSection(ProjectConfigurationPlatforms) = postSolution
		{B835C413-79CE-47FA-9C9D-A7CAE60994DF}.Debug|Any CPU.ActiveCfg = Debug|Any CPU
		{B835C413-79CE-47FA-9C9D-A7CAE60994DF}.Debug|Any CPU.Build.0 = Debug|Any CPU
		{B835C413-79CE-47FA-9C9D-A7CAE60994DF}.Release|Any CPU.ActiveCfg = Release|Any CPU
		{B835C413-79CE-47FA-9C9D-A7CAE60994DF}.Release|Any CPU.Build.0 = Release|Any CPU
	EndGlobalSection
	GlobalSection(SolutionProperties) = preSolution
		HideSolutionNode = FALSE
	EndGlobalSection
	GlobalSection(ExtensibilityGlobals) = postSolution
		SolutionGuid = {AB0A69EE-A080-4B0D-949B-4484609DB193}
	EndGlobalSection
EndGlobal
